
Microsoft Visual Studio Solution File, Format Version 12.00
# Visual Studio Version 17
VisualStudioVersion = 17.6.33829.357
MinimumVisualStudioVersion = 10.0.40219.1
Project("{FAE04EC0-301F-11D3-BF4B-00C04F79EFBC}") = "FIT5032", "FIT5032\FIT5032.csproj", "{F46A0613-F05F-4C14-8006-7327939FEC94}"
EndProject
Project("{FAE04EC0-301F-11D3-BF4B-00C04F79EFBC}") = "FIT5032.Tests", "FIT5032.Tests\FIT5032.Tests.csproj", "{1A02E491-3DB9-43BD-A20B-5D5F792F3756}"
EndProject
Global
	GlobalSection(SolutionConfigurationPlatforms) = preSolution
		Debug|Any CPU = Debug|Any CPU
		Release|Any CPU = Release|Any CPU
	EndGlobalSection
	GlobalSection(ProjectConfigurationPlatforms) = postSolution
		{F46A0613-F05F-4C14-8006-7327939FEC94}.Debug|Any CPU.ActiveCfg = Debug|Any CPU
		{F46A0613-F05F-4C14-8006-7327939FEC94}.Debug|Any CPU.Build.0 = Debug|Any CPU
		{F46A0613-F05F-4C14-8006-7327939FEC94}.Release|Any CPU.ActiveCfg = Release|Any CPU
		{F46A0613-F05F-4C14-8006-7327939FEC94}.Release|Any CPU.Build.0 = Release|Any CPU
		{1A02E491-3DB9-43BD-A20B-5D5F792F3756}.Debug|Any CPU.ActiveCfg = Debug|Any CPU
		{1A02E491-3DB9-43BD-A20B-5D5F792F3756}.Debug|Any CPU.Build.0 = Debug|Any CPU
		{1A02E491-3DB9-43BD-A20B-5D5F792F3756}.Release|Any CPU.ActiveCfg = Release|Any CPU
		{1A02E491-3DB9-43BD-A20B-5D5F792F3756}.Release|Any CPU.Build.0 = Release|Any CPU
	EndGlobalSection
	GlobalSection(SolutionProperties) = preSolution
		HideSolutionNode = FALSE
	EndGlobalSection
	GlobalSection(ExtensibilityGlobals) = postSolution
		SolutionGuid = {80756D66-FE85-4F78-BD64-BEFE2B7096CE}
	EndGlobalSection
EndGlobal
